<Solution>
  <Folder Name="/Databases/">
    <Project Path="Databases/Finance.Accounts.DBModel/Finance.Accounts.DBModel.csproj" />
  </Folder>
  <Folder Name="/Infrastructure/Gateway/">
    <Project Path="Infrastructure/Gateway/Finance.Gateway/Finance.Gateway.csproj" />
  </Folder>
  <Folder Name="/Interfaces/Accounts/">
    <Project Path="Interfaces/Accounts/Finance.Accounts.API/Finance.Accounts.API.csproj" />
  </Folder>
  <Folder Name="/Shared/">
    <Project Path="Finance.Common/Finance.Common.csproj" />
    <Project Path="Finance.ServiceModel/Finance.ServiceModel.csproj" />
  </Folder>
</Solution>
