<Solution>
  <Folder Name="/Databases/">
    <Project Path="Databases/Finance.Accounts.DBModel/Finance.Accounts.DBModel.csproj" />
    <Project Path="Databases/Finance.EventLog.DBModel/Finance.EventLog.DBModel.csproj" />
    <Project Path="Databases/Finance.Nomenclature.DBModel/Finance.Nomenclature.DBModel.csproj" />
    <Project Path="Databases/Finance.Journal.DBModel/Finance.Journal.DBModel.csproj" />
    <Project Path="Databases/Finance.Periods.DBModel/Finance.Periods.DBModel.csproj" />
  </Folder>
  <Folder Name="/Country/">
    <Project Path="Country/Finance.Country.Abstractions/Finance.Country.Abstractions.csproj" />
    <Project Path="Country/Finance.Country.BG/Finance.Country.BG.csproj" />
    <Project Path="Country/Finance.Country.BG.Tests/Finance.Country.BG.Tests.csproj" />
  </Folder>
  <Folder Name="/Infrastructure/">
    <Project Path="Infrastructure/Finance.Infrastructure.Stateful.Tests/Finance.Infrastructure.Stateful.Tests.csproj" />
    <Project Path="Infrastructure/Finance.Infrastructure.Tests/Finance.Infrastructure.Tests.csproj" />
  </Folder>
  <Folder Name="/Infrastructure/Audit/">
    <Project Path="Infrastructure/Audit/Finance.Infrastructure.Audit/Finance.Infrastructure.Audit.csproj" />
  </Folder>
  <Folder Name="/Infrastructure/Caching/">
    <Project Path="Infrastructure/Caching/Finance.Infrastructure.Caching/Finance.Infrastructure.Caching.csproj" />
  </Folder>
  <Folder Name="/Infrastructure/EventLog/">
    <Project Path="Infrastructure/EventLog/Finance.EventLog.API/Finance.EventLog.API.csproj" />
    <Project Path="Infrastructure/EventLog/Finance.EventLog.API.Tests/Finance.EventLog.API.Tests.csproj" />
  </Folder>
  <Folder Name="/Infrastructure/Gateway/">
    <Project Path="Infrastructure/Gateway/Finance.Gateway/Finance.Gateway.csproj" />
    <Project Path="Infrastructure/Gateway/Finance.Gateway.Tests/Finance.Gateway.Tests.csproj" />
  </Folder>
  <Folder Name="/Infrastructure/Messaging/">
    <Project Path="Infrastructure/Messaging/Finance.Infrastructure.Messaging/Finance.Infrastructure.Messaging.csproj" />
  </Folder>
  <Folder Name="/Infrastructure/Sequences/">
    <Project Path="Infrastructure/Sequences/Finance.Infrastructure.Sequences/Finance.Infrastructure.Sequences.csproj" />
  </Folder>
  <Folder Name="/Infrastructure/Services/">
    <Project Path="Infrastructure/Services/Finance.Infrastructure.Services/Finance.Infrastructure.Services.csproj" />
  </Folder>
  <Folder Name="/Infrastructure/Web/">
    <Project Path="Infrastructure/Web/Finance.Infrastructure.Web/Finance.Infrastructure.Web.csproj" />
  </Folder>
  <Folder Name="/Interfaces/" />
  <Folder Name="/Interfaces/Accounts/">
    <Project Path="Interfaces/Accounts/Finance.Accounts.API/Finance.Accounts.API.csproj" />
    <Project Path="Interfaces/Accounts/Finance.Accounts.API.Tests/Finance.Accounts.API.Tests.csproj" />
  </Folder>
  <Folder Name="/Interfaces/Nomenclature/">
    <Project Path="Interfaces/Nomenclature/Finance.Nomenclature.API/Finance.Nomenclature.API.csproj" />
    <Project Path="Interfaces/Nomenclature/Finance.Nomenclature.API.Tests/Finance.Nomenclature.API.Tests.csproj" />
  </Folder>
  <Folder Name="/Interfaces/Journal/">
    <Project Path="Interfaces/Journal/Finance.Journal.API/Finance.Journal.API.csproj" />
    <Project Path="Interfaces/Journal/Finance.Journal.API.Tests/Finance.Journal.API.Tests.csproj" />
  </Folder>
  <Folder Name="/Interfaces/Periods/">
    <Project Path="Interfaces/Periods/Finance.Periods.API/Finance.Periods.API.csproj" />
    <Project Path="Interfaces/Periods/Finance.Periods.API.Tests/Finance.Periods.API.Tests.csproj" />
  </Folder>
  <Folder Name="/Shared/">
    <Project Path="Finance.Common.Tests/Finance.Common.Tests.csproj" />
    <Project Path="Finance.Common/Finance.Common.csproj" />
    <Project Path="Finance.GenericFiltering.Tests/Finance.GenericFiltering.Tests.csproj" />
    <Project Path="Finance.GenericFiltering/Finance.GenericFiltering.csproj" />
    <Project Path="Finance.ServiceModel/Finance.ServiceModel.csproj" />
  </Folder>
</Solution>
